
Microsoft Visual Studio Solution File, Format Version 12.00
# Visual Studio 14
VisualStudioVersion = 14.0.25123.0
MinimumVisualStudioVersion = 10.0.40219.1
Project("{8BC9CEB8-8B4A-11D0-8D11-00A0C91BC942}") = "指针demo", "指针demo\指针demo.vcxproj", "{1D934636-70F7-4CF5-B5D6-9B59E677C961}"
EndProject
Project("{8BC9CEB8-8B4A-11D0-8D11-00A0C91BC942}") = "auto_const练习", "auto_const练习\auto_const练习.vcxproj", "{3B2064E5-634D-4ECC-8805-EEFF7C4611C1}"
EndProject
Project("{8BC9CEB8-8B4A-11D0-8D11-00A0C91BC942}") = "String练习", "String练习\String练习.vcxproj", "{7C777097-0DB5-4F31-B33B-1FD2C9B69429}"
EndProject
Project("{8BC9CEB8-8B4A-11D0-8D11-00A0C91BC942}") = "vector容器与迭代器练习", "vector容器与迭代器练习\vector容器与迭代器练习.vcxproj", "{31169F91-8FBB-4B05-BA6D-B31D62E9A7BD}"
EndProject
Project("{8BC9CEB8-8B4A-11D0-8D11-00A0C91BC942}") = "数组", "数组\数组.vcxproj", "{DBF5001B-DD29-488B-BAA9-4E60FD2B91C6}"
EndProject
Project("{8BC9CEB8-8B4A-11D0-8D11-00A0C91BC942}") = "运算符", "运算符\运算符.vcxproj", "{C5DF9D09-3864-48F5-9A23-93C65D068293}"
EndProject
Project("{8BC9CEB8-8B4A-11D0-8D11-00A0C91BC942}") = "try语句练习", "try语句练习\try语句练习.vcxproj", "{5F3CB99C-F8F4-4800-97D9-1CFFA86CCBE3}"
EndProject
Global
	GlobalSection(SolutionConfigurationPlatforms) = preSolution
		Debug|x64 = Debug|x64
		Debug|x86 = Debug|x86
		Release|x64 = Release|x64
		Release|x86 = Release|x86
	EndGlobalSection
	GlobalSection(ProjectConfigurationPlatforms) = postSolution
		{1D934636-70F7-4CF5-B5D6-9B59E677C961}.Debug|x64.ActiveCfg = Debug|x64
		{1D934636-70F7-4CF5-B5D6-9B59E677C961}.Debug|x64.Build.0 = Debug|x64
		{1D934636-70F7-4CF5-B5D6-9B59E677C961}.Debug|x86.ActiveCfg = Debug|Win32
		{1D934636-70F7-4CF5-B5D6-9B59E677C961}.Debug|x86.Build.0 = Debug|Win32
		{1D934636-70F7-4CF5-B5D6-9B59E677C961}.Release|x64.ActiveCfg = Release|x64
		{1D934636-70F7-4CF5-B5D6-9B59E677C961}.Release|x64.Build.0 = Release|x64
		{1D934636-70F7-4CF5-B5D6-9B59E677C961}.Release|x86.ActiveCfg = Release|Win32
		{1D934636-70F7-4CF5-B5D6-9B59E677C961}.Release|x86.Build.0 = Release|Win32
		{3B2064E5-634D-4ECC-8805-EEFF7C4611C1}.Debug|x64.ActiveCfg = Debug|x64
		{3B2064E5-634D-4ECC-8805-EEFF7C4611C1}.Debug|x64.Build.0 = Debug|x64
		{3B2064E5-634D-4ECC-8805-EEFF7C4611C1}.Debug|x86.ActiveCfg = Debug|Win32
		{3B2064E5-634D-4ECC-8805-EEFF7C4611C1}.Debug|x86.Build.0 = Debug|Win32
		{3B2064E5-634D-4ECC-8805-EEFF7C4611C1}.Release|x64.ActiveCfg = Release|x64
		{3B2064E5-634D-4ECC-8805-EEFF7C4611C1}.Release|x64.Build.0 = Release|x64
		{3B2064E5-634D-4ECC-8805-EEFF7C4611C1}.Release|x86.ActiveCfg = Release|Win32
		{3B2064E5-634D-4ECC-8805-EEFF7C4611C1}.Release|x86.Build.0 = Release|Win32
		{7C777097-0DB5-4F31-B33B-1FD2C9B69429}.Debug|x64.ActiveCfg = Debug|x64
		{7C777097-0DB5-4F31-B33B-1FD2C9B69429}.Debug|x64.Build.0 = Debug|x64
		{7C777097-0DB5-4F31-B33B-1FD2C9B69429}.Debug|x86.ActiveCfg = Debug|Win32
		{7C777097-0DB5-4F31-B33B-1FD2C9B69429}.Debug|x86.Build.0 = Debug|Win32
		{7C777097-0DB5-4F31-B33B-1FD2C9B69429}.Release|x64.ActiveCfg = Release|x64
		{7C777097-0DB5-4F31-B33B-1FD2C9B69429}.Release|x64.Build.0 = Release|x64
		{7C777097-0DB5-4F31-B33B-1FD2C9B69429}.Release|x86.ActiveCfg = Release|Win32
		{7C777097-0DB5-4F31-B33B-1FD2C9B69429}.Release|x86.Build.0 = Release|Win32
		{31169F91-8FBB-4B05-BA6D-B31D62E9A7BD}.Debug|x64.ActiveCfg = Debug|x64
		{31169F91-8FBB-4B05-BA6D-B31D62E9A7BD}.Debug|x64.Build.0 = Debug|x64
		{31169F91-8FBB-4B05-BA6D-B31D62E9A7BD}.Debug|x86.ActiveCfg = Debug|Win32
		{31169F91-8FBB-4B05-BA6D-B31D62E9A7BD}.Debug|x86.Build.0 = Debug|Win32
		{31169F91-8FBB-4B05-BA6D-B31D62E9A7BD}.Release|x64.ActiveCfg = Release|x64
		{31169F91-8FBB-4B05-BA6D-B31D62E9A7BD}.Release|x64.Build.0 = Release|x64
		{31169F91-8FBB-4B05-BA6D-B31D62E9A7BD}.Release|x86.ActiveCfg = Release|Win32
		{31169F91-8FBB-4B05-BA6D-B31D62E9A7BD}.Release|x86.Build.0 = Release|Win32
		{DBF5001B-DD29-488B-BAA9-4E60FD2B91C6}.Debug|x64.ActiveCfg = Debug|x64
		{DBF5001B-DD29-488B-BAA9-4E60FD2B91C6}.Debug|x64.Build.0 = Debug|x64
		{DBF5001B-DD29-488B-BAA9-4E60FD2B91C6}.Debug|x86.ActiveCfg = Debug|Win32
		{DBF5001B-DD29-488B-BAA9-4E60FD2B91C6}.Debug|x86.Build.0 = Debug|Win32
		{DBF5001B-DD29-488B-BAA9-4E60FD2B91C6}.Release|x64.ActiveCfg = Release|x64
		{DBF5001B-DD29-488B-BAA9-4E60FD2B91C6}.Release|x64.Build.0 = Release|x64
		{DBF5001B-DD29-488B-BAA9-4E60FD2B91C6}.Release|x86.ActiveCfg = Release|Win32
		{DBF5001B-DD29-488B-BAA9-4E60FD2B91C6}.Release|x86.Build.0 = Release|Win32
		{C5DF9D09-3864-48F5-9A23-93C65D068293}.Debug|x64.ActiveCfg = Debug|x64
		{C5DF9D09-3864-48F5-9A23-93C65D068293}.Debug|x64.Build.0 = Debug|x64
		{C5DF9D09-3864-48F5-9A23-93C65D068293}.Debug|x86.ActiveCfg = Debug|Win32
		{C5DF9D09-3864-48F5-9A23-93C65D068293}.Debug|x86.Build.0 = Debug|Win32
		{C5DF9D09-3864-48F5-9A23-93C65D068293}.Release|x64.ActiveCfg = Release|x64
		{C5DF9D09-3864-48F5-9A23-93C65D068293}.Release|x64.Build.0 = Release|x64
		{C5DF9D09-3864-48F5-9A23-93C65D068293}.Release|x86.ActiveCfg = Release|Win32
		{C5DF9D09-3864-48F5-9A23-93C65D068293}.Release|x86.Build.0 = Release|Win32
		{5F3CB99C-F8F4-4800-97D9-1CFFA86CCBE3}.Debug|x64.ActiveCfg = Debug|x64
		{5F3CB99C-F8F4-4800-97D9-1CFFA86CCBE3}.Debug|x64.Build.0 = Debug|x64
		{5F3CB99C-F8F4-4800-97D9-1CFFA86CCBE3}.Debug|x86.ActiveCfg = Debug|Win32
		{5F3CB99C-F8F4-4800-97D9-1CFFA86CCBE3}.Debug|x86.Build.0 = Debug|Win32
		{5F3CB99C-F8F4-4800-97D9-1CFFA86CCBE3}.Release|x64.ActiveCfg = Release|x64
		{5F3CB99C-F8F4-4800-97D9-1CFFA86CCBE3}.Release|x64.Build.0 = Release|x64
		{5F3CB99C-F8F4-4800-97D9-1CFFA86CCBE3}.Release|x86.ActiveCfg = Release|Win32
		{5F3CB99C-F8F4-4800-97D9-1CFFA86CCBE3}.Release|x86.Build.0 = Release|Win32
	EndGlobalSection
	GlobalSection(SolutionProperties) = preSolution
		HideSolutionNode = FALSE
	EndGlobalSection
EndGlobal
